
Microsoft Visual Studio Solution File, Format Version 12.00
# Visual Studio Version 17
VisualStudioVersion = 17.2.32526.322
MinimumVisualStudioVersion = 10.0.40219.1
Project("{FAE04EC0-301F-11D3-BF4B-00C04F79EFBC}") = "LogicalPrograms", "LogicalPrograms\LogicalPrograms.csproj", "{98082EAD-AE2C-4FA3-91C7-777704FC9B29}"
EndProject
Global
	GlobalSection(SolutionConfigurationPlatforms) = preSolution
		Debug|Any CPU = Debug|Any CPU
		Release|Any CPU = Release|Any CPU
	EndGlobalSection
	GlobalSection(ProjectConfigurationPlatforms) = postSolution
		{98082EAD-AE2C-4FA3-91C7-777704FC9B29}.Debug|Any CPU.ActiveCfg = Debug|Any CPU
		{98082EAD-AE2C-4FA3-91C7-777704FC9B29}.Debug|Any CPU.Build.0 = Debug|Any CPU
		{98082EAD-AE2C-4FA3-91C7-777704FC9B29}.Release|Any CPU.ActiveCfg = Release|Any CPU
		{98082EAD-AE2C-4FA3-91C7-777704FC9B29}.Release|Any CPU.Build.0 = Release|Any CPU
	EndGlobalSection
	GlobalSection(SolutionProperties) = preSolution
		HideSolutionNode = FALSE
	EndGlobalSection
	GlobalSection(ExtensibilityGlobals) = postSolution
		SolutionGuid = {7C5864B6-76F4-4FE5-91C4-46A469CFBF6A}
	EndGlobalSection
EndGlobal
